
Microsoft Visual Studio Solution File, Format Version 9.00
# Visual C++ Express 2005
Project("{8BC9CEB8-8B4A-11D0-8D11-00A0C91BC942}") = "TypeListTest", "TypeListTest.vcproj", "{E9F09B7E-3806-4376-BCA3-2691091929DC}"
EndProject
Global
	GlobalSection(SolutionConfigurationPlatforms) = preSolution
		Debug|Win32 = Debug|Win32
		Release|Win32 = Release|Win32
	EndGlobalSection
	GlobalSection(ProjectConfigurationPlatforms) = postSolution
		{E9F09B7E-3806-4376-BCA3-2691091929DC}.Debug|Win32.ActiveCfg = Debug|Win32
		{E9F09B7E-3806-4376-BCA3-2691091929DC}.Debug|Win32.Build.0 = Debug|Win32
		{E9F09B7E-3806-4376-BCA3-2691091929DC}.Release|Win32.ActiveCfg = Release|Win32
		{E9F09B7E-3806-4376-BCA3-2691091929DC}.Release|Win32.Build.0 = Release|Win32
	EndGlobalSection
	GlobalSection(SolutionProperties) = preSolution
		HideSolutionNode = FALSE
	EndGlobalSection
EndGlobal
