
Microsoft Visual Studio Solution File, Format Version 9.00
# Visual C++ Express 2005
Project("{8BC9CEB8-8B4A-11D0-8D11-00A0C91BC942}") = "DOMWriterTest", "DOMWriterTest.vcproj", "{8100FEA8-68C8-4C08-8D49-78C707B67631}"
EndProject
Global
	GlobalSection(SolutionConfigurationPlatforms) = preSolution
		Debug|Win32 = Debug|Win32
		Release|Win32 = Release|Win32
	EndGlobalSection
	GlobalSection(ProjectConfigurationPlatforms) = postSolution
		{8100FEA8-68C8-4C08-8D49-78C707B67631}.Debug|Win32.ActiveCfg = Debug|Win32
		{8100FEA8-68C8-4C08-8D49-78C707B67631}.Debug|Win32.Build.0 = Debug|Win32
		{8100FEA8-68C8-4C08-8D49-78C707B67631}.Release|Win32.ActiveCfg = Release|Win32
		{8100FEA8-68C8-4C08-8D49-78C707B67631}.Release|Win32.Build.0 = Release|Win32
	EndGlobalSection
	GlobalSection(SolutionProperties) = preSolution
		HideSolutionNode = FALSE
	EndGlobalSection
EndGlobal
