
Microsoft Visual Studio Solution File, Format Version 9.00
# Visual C++ Express 2005
Project("{8BC9CEB8-8B4A-11D0-8D11-00A0C91BC942}") = "DynamicFactoryTest", "DynamicFactoryTest.vcproj", "{49BC55BF-B465-40A5-992E-C358AA2CA771}"
EndProject
Global
	GlobalSection(SolutionConfigurationPlatforms) = preSolution
		Debug|Win32 = Debug|Win32
		Release|Win32 = Release|Win32
	EndGlobalSection
	GlobalSection(ProjectConfigurationPlatforms) = postSolution
		{49BC55BF-B465-40A5-992E-C358AA2CA771}.Debug|Win32.ActiveCfg = Debug|Win32
		{49BC55BF-B465-40A5-992E-C358AA2CA771}.Debug|Win32.Build.0 = Debug|Win32
		{49BC55BF-B465-40A5-992E-C358AA2CA771}.Release|Win32.ActiveCfg = Release|Win32
		{49BC55BF-B465-40A5-992E-C358AA2CA771}.Release|Win32.Build.0 = Release|Win32
	EndGlobalSection
	GlobalSection(SolutionProperties) = preSolution
		HideSolutionNode = FALSE
	EndGlobalSection
EndGlobal
