
Microsoft Visual Studio Solution File, Format Version 9.00
# Visual C++ Express 2005
Project("{8BC9CEB8-8B4A-11D0-8D11-00A0C91BC942}") = "RWLockTest", "RWLockTest.vcproj", "{56776302-3314-4C3B-B17C-1C56837B7FAB}"
EndProject
Global
	GlobalSection(SolutionConfigurationPlatforms) = preSolution
		Debug|Win32 = Debug|Win32
		Release|Win32 = Release|Win32
	EndGlobalSection
	GlobalSection(ProjectConfigurationPlatforms) = postSolution
		{56776302-3314-4C3B-B17C-1C56837B7FAB}.Debug|Win32.ActiveCfg = Debug|Win32
		{56776302-3314-4C3B-B17C-1C56837B7FAB}.Debug|Win32.Build.0 = Debug|Win32
		{56776302-3314-4C3B-B17C-1C56837B7FAB}.Release|Win32.ActiveCfg = Release|Win32
		{56776302-3314-4C3B-B17C-1C56837B7FAB}.Release|Win32.Build.0 = Release|Win32
	EndGlobalSection
	GlobalSection(SolutionProperties) = preSolution
		HideSolutionNode = FALSE
	EndGlobalSection
EndGlobal
