
Microsoft Visual Studio Solution File, Format Version 9.00
# Visual C++ Express 2005
Project("{8BC9CEB8-8B4A-11D0-8D11-00A0C91BC942}") = "SystemConfigurationTest", "SystemConfigurationTest.vcproj", "{D8A0E1CD-7ABC-4ED5-9BE1-D38A1829FDE8}"
EndProject
Global
	GlobalSection(SolutionConfigurationPlatforms) = preSolution
		Debug|Win32 = Debug|Win32
		Release|Win32 = Release|Win32
	EndGlobalSection
	GlobalSection(ProjectConfigurationPlatforms) = postSolution
		{D8A0E1CD-7ABC-4ED5-9BE1-D38A1829FDE8}.Debug|Win32.ActiveCfg = Debug|Win32
		{D8A0E1CD-7ABC-4ED5-9BE1-D38A1829FDE8}.Debug|Win32.Build.0 = Debug|Win32
		{D8A0E1CD-7ABC-4ED5-9BE1-D38A1829FDE8}.Release|Win32.ActiveCfg = Release|Win32
		{D8A0E1CD-7ABC-4ED5-9BE1-D38A1829FDE8}.Release|Win32.Build.0 = Release|Win32
	EndGlobalSection
	GlobalSection(SolutionProperties) = preSolution
		HideSolutionNode = FALSE
	EndGlobalSection
EndGlobal
