
Microsoft Visual Studio Solution File, Format Version 9.00
# Visual C++ Express 2005
Project("{8BC9CEB8-8B4A-11D0-8D11-00A0C91BC942}") = "BasicEventTest", "BasicEventTest.vcproj", "{73DA071C-8D63-450A-BB13-07D50B18EBA0}"
EndProject
Global
	GlobalSection(SolutionConfigurationPlatforms) = preSolution
		Debug|Win32 = Debug|Win32
		Release|Win32 = Release|Win32
	EndGlobalSection
	GlobalSection(ProjectConfigurationPlatforms) = postSolution
		{73DA071C-8D63-450A-BB13-07D50B18EBA0}.Debug|Win32.ActiveCfg = Debug|Win32
		{73DA071C-8D63-450A-BB13-07D50B18EBA0}.Debug|Win32.Build.0 = Debug|Win32
		{73DA071C-8D63-450A-BB13-07D50B18EBA0}.Release|Win32.ActiveCfg = Release|Win32
		{73DA071C-8D63-450A-BB13-07D50B18EBA0}.Release|Win32.Build.0 = Release|Win32
	EndGlobalSection
	GlobalSection(SolutionProperties) = preSolution
		HideSolutionNode = FALSE
	EndGlobalSection
EndGlobal
