
Microsoft Visual Studio Solution File, Format Version 9.00
# Visual C++ Express 2005
Project("{8BC9CEB8-8B4A-11D0-8D11-00A0C91BC942}") = "DirectoryIteratorTest", "DirectoryIteratorTest.vcproj", "{24C969D0-D1A2-41FF-9B21-90041B84910B}"
EndProject
Global
	GlobalSection(SolutionConfigurationPlatforms) = preSolution
		Debug|Win32 = Debug|Win32
		Release|Win32 = Release|Win32
	EndGlobalSection
	GlobalSection(ProjectConfigurationPlatforms) = postSolution
		{24C969D0-D1A2-41FF-9B21-90041B84910B}.Debug|Win32.ActiveCfg = Debug|Win32
		{24C969D0-D1A2-41FF-9B21-90041B84910B}.Debug|Win32.Build.0 = Debug|Win32
		{24C969D0-D1A2-41FF-9B21-90041B84910B}.Release|Win32.ActiveCfg = Release|Win32
		{24C969D0-D1A2-41FF-9B21-90041B84910B}.Release|Win32.Build.0 = Release|Win32
	EndGlobalSection
	GlobalSection(SolutionProperties) = preSolution
		HideSolutionNode = FALSE
	EndGlobalSection
EndGlobal
